
Microsoft Visual Studio Solution File, Format Version 12.00
# Visual Studio Version 17
VisualStudioVersion = 17.0.31903.59
MinimumVisualStudioVersion = 10.0.40219.1
Project("{FAE04EC0-301F-11D3-BF4B-00C04F79EFBC}") = "JobTracker.Api", "JobTracker.Api\JobTracker.Api.csproj", "{50BA684D-E206-4FA3-ACAF-48D4459CA3CB}"
EndProject
Project("{FAE04EC0-301F-11D3-BF4B-00C04F79EFBC}") = "JobTracker.Domain", "JobTracker.Domain\JobTracker.Domain.csproj", "{4E9C2D64-F87D-47EA-B1B9-CCCA6B5EFF7A}"
EndProject
Project("{FAE04EC0-301F-11D3-BF4B-00C04F79EFBC}") = "JobTracker.Application", "JobTracker.Application\JobTracker.Application.csproj", "{944F29DB-A1C3-425A-8B6A-6F1DAB168C34}"
EndProject
Project("{FAE04EC0-301F-11D3-BF4B-00C04F79EFBC}") = "JobTracker.Infrastructure", "JobTracker.Infrastructure\JobTracker.Infrastructure.csproj", "{C5B22BF3-F384-43C8-A07B-CCDA39C82C27}"
EndProject
Project("{FAE04EC0-301F-11D3-BF4B-00C04F79EFBC}") = "JobTracker.Tests", "JobTracker.Tests\JobTracker.Tests.csproj", "{E4373760-FCEB-4EC4-9CF9-DD742258C500}"
EndProject
Global
	GlobalSection(SolutionConfigurationPlatforms) = preSolution
		Debug|Any CPU = Debug|Any CPU
		Debug|x64 = Debug|x64
		Debug|x86 = Debug|x86
		Release|Any CPU = Release|Any CPU
		Release|x64 = Release|x64
		Release|x86 = Release|x86
	EndGlobalSection
	GlobalSection(ProjectConfigurationPlatforms) = postSolution
		{50BA684D-E206-4FA3-ACAF-48D4459CA3CB}.Debug|Any CPU.ActiveCfg = Debug|Any CPU
		{50BA684D-E206-4FA3-ACAF-48D4459CA3CB}.Debug|Any CPU.Build.0 = Debug|Any CPU
		{50BA684D-E206-4FA3-ACAF-48D4459CA3CB}.Debug|x64.ActiveCfg = Debug|Any CPU
		{50BA684D-E206-4FA3-ACAF-48D4459CA3CB}.Debug|x64.Build.0 = Debug|Any CPU
		{50BA684D-E206-4FA3-ACAF-48D4459CA3CB}.Debug|x86.ActiveCfg = Debug|Any CPU
		{50BA684D-E206-4FA3-ACAF-48D4459CA3CB}.Debug|x86.Build.0 = Debug|Any CPU
		{50BA684D-E206-4FA3-ACAF-48D4459CA3CB}.Release|Any CPU.ActiveCfg = Release|Any CPU
		{50BA684D-E206-4FA3-ACAF-48D4459CA3CB}.Release|Any CPU.Build.0 = Release|Any CPU
		{50BA684D-E206-4FA3-ACAF-48D4459CA3CB}.Release|x64.ActiveCfg = Release|Any CPU
		{50BA684D-E206-4FA3-ACAF-48D4459CA3CB}.Release|x64.Build.0 = Release|Any CPU
		{50BA684D-E206-4FA3-ACAF-48D4459CA3CB}.Release|x86.ActiveCfg = Release|Any CPU
		{50BA684D-E206-4FA3-ACAF-48D4459CA3CB}.Release|x86.Build.0 = Release|Any CPU
		{4E9C2D64-F87D-47EA-B1B9-CCCA6B5EFF7A}.Debug|Any CPU.ActiveCfg = Debug|Any CPU
		{4E9C2D64-F87D-47EA-B1B9-CCCA6B5EFF7A}.Debug|Any CPU.Build.0 = Debug|Any CPU
		{4E9C2D64-F87D-47EA-B1B9-CCCA6B5EFF7A}.Debug|x64.ActiveCfg = Debug|Any CPU
		{4E9C2D64-F87D-47EA-B1B9-CCCA6B5EFF7A}.Debug|x64.Build.0 = Debug|Any CPU
		{4E9C2D64-F87D-47EA-B1B9-CCCA6B5EFF7A}.Debug|x86.ActiveCfg = Debug|Any CPU
		{4E9C2D64-F87D-47EA-B1B9-CCCA6B5EFF7A}.Debug|x86.Build.0 = Debug|Any CPU
		{4E9C2D64-F87D-47EA-B1B9-CCCA6B5EFF7A}.Release|Any CPU.ActiveCfg = Release|Any CPU
		{4E9C2D64-F87D-47EA-B1B9-CCCA6B5EFF7A}.Release|Any CPU.Build.0 = Release|Any CPU
		{4E9C2D64-F87D-47EA-B1B9-CCCA6B5EFF7A}.Release|x64.ActiveCfg = Release|Any CPU
		{4E9C2D64-F87D-47EA-B1B9-CCCA6B5EFF7A}.Release|x64.Build.0 = Release|Any CPU
		{4E9C2D64-F87D-47EA-B1B9-CCCA6B5EFF7A}.Release|x86.ActiveCfg = Release|Any CPU
		{4E9C2D64-F87D-47EA-B1B9-CCCA6B5EFF7A}.Release|x86.Build.0 = Release|Any CPU
		{944F29DB-A1C3-425A-8B6A-6F1DAB168C34}.Debug|Any CPU.ActiveCfg = Debug|Any CPU
		{944F29DB-A1C3-425A-8B6A-6F1DAB168C34}.Debug|Any CPU.Build.0 = Debug|Any CPU
		{944F29DB-A1C3-425A-8B6A-6F1DAB168C34}.Debug|x64.ActiveCfg = Debug|Any CPU
		{944F29DB-A1C3-425A-8B6A-6F1DAB168C34}.Debug|x64.Build.0 = Debug|Any CPU
		{944F29DB-A1C3-425A-8B6A-6F1DAB168C34}.Debug|x86.ActiveCfg = Debug|Any CPU
		{944F29DB-A1C3-425A-8B6A-6F1DAB168C34}.Debug|x86.Build.0 = Debug|Any CPU
		{944F29DB-A1C3-425A-8B6A-6F1DAB168C34}.Release|Any CPU.ActiveCfg = Release|Any CPU
		{944F29DB-A1C3-425A-8B6A-6F1DAB168C34}.Release|Any CPU.Build.0 = Release|Any CPU
		{944F29DB-A1C3-425A-8B6A-6F1DAB168C34}.Release|x64.ActiveCfg = Release|Any CPU
		{944F29DB-A1C3-425A-8B6A-6F1DAB168C34}.Release|x64.Build.0 = Release|Any CPU
		{944F29DB-A1C3-425A-8B6A-6F1DAB168C34}.Release|x86.ActiveCfg = Release|Any CPU
		{944F29DB-A1C3-425A-8B6A-6F1DAB168C34}.Release|x86.Build.0 = Release|Any CPU
		{C5B22BF3-F384-43C8-A07B-CCDA39C82C27}.Debug|Any CPU.ActiveCfg = Debug|Any CPU
		{C5B22BF3-F384-43C8-A07B-CCDA39C82C27}.Debug|Any CPU.Build.0 = Debug|Any CPU
		{C5B22BF3-F384-43C8-A07B-CCDA39C82C27}.Debug|x64.ActiveCfg = Debug|Any CPU
		{C5B22BF3-F384-43C8-A07B-CCDA39C82C27}.Debug|x64.Build.0 = Debug|Any CPU
		{C5B22BF3-F384-43C8-A07B-CCDA39C82C27}.Debug|x86.ActiveCfg = Debug|Any CPU
		{C5B22BF3-F384-43C8-A07B-CCDA39C82C27}.Debug|x86.Build.0 = Debug|Any CPU
		{C5B22BF3-F384-43C8-A07B-CCDA39C82C27}.Release|Any CPU.ActiveCfg = Release|Any CPU
		{C5B22BF3-F384-43C8-A07B-CCDA39C82C27}.Release|Any CPU.Build.0 = Release|Any CPU
		{C5B22BF3-F384-43C8-A07B-CCDA39C82C27}.Release|x64.ActiveCfg = Release|Any CPU
		{C5B22BF3-F384-43C8-A07B-CCDA39C82C27}.Release|x64.Build.0 = Release|Any CPU
		{C5B22BF3-F384-43C8-A07B-CCDA39C82C27}.Release|x86.ActiveCfg = Release|Any CPU
		{C5B22BF3-F384-43C8-A07B-CCDA39C82C27}.Release|x86.Build.0 = Release|Any CPU
		{E4373760-FCEB-4EC4-9CF9-DD742258C500}.Debug|Any CPU.ActiveCfg = Debug|Any CPU
		{E4373760-FCEB-4EC4-9CF9-DD742258C500}.Debug|Any CPU.Build.0 = Debug|Any CPU
		{E4373760-FCEB-4EC4-9CF9-DD742258C500}.Debug|x64.ActiveCfg = Debug|Any CPU
		{E4373760-FCEB-4EC4-9CF9-DD742258C500}.Debug|x64.Build.0 = Debug|Any CPU
		{E4373760-FCEB-4EC4-9CF9-DD742258C500}.Debug|x86.ActiveCfg = Debug|Any CPU
		{E4373760-FCEB-4EC4-9CF9-DD742258C500}.Debug|x86.Build.0 = Debug|Any CPU
		{E4373760-FCEB-4EC4-9CF9-DD742258C500}.Release|Any CPU.ActiveCfg = Release|Any CPU
		{E4373760-FCEB-4EC4-9CF9-DD742258C500}.Release|Any CPU.Build.0 = Release|Any CPU
		{E4373760-FCEB-4EC4-9CF9-DD742258C500}.Release|x64.ActiveCfg = Release|Any CPU
		{E4373760-FCEB-4EC4-9CF9-DD742258C500}.Release|x64.Build.0 = Release|Any CPU
		{E4373760-FCEB-4EC4-9CF9-DD742258C500}.Release|x86.ActiveCfg = Release|Any CPU
		{E4373760-FCEB-4EC4-9CF9-DD742258C500}.Release|x86.Build.0 = Release|Any CPU
	EndGlobalSection
	GlobalSection(SolutionProperties) = preSolution
		HideSolutionNode = FALSE
	EndGlobalSection
EndGlobal
